
Microsoft Visual Studio Solution File, Format Version 12.00
# Visual Studio Version 17
VisualStudioVersion = 17.12.35527.113
MinimumVisualStudioVersion = 10.0.40219.1
Project("{FAE04EC0-301F-11D3-BF4B-00C04F79EFBC}") = "Perceptron", "Perceptron\Perceptron.csproj", "{DC5BCD08-56CC-47CC-97BD-A42E728A1041}"
EndProject
Project("{FAE04EC0-301F-11D3-BF4B-00C04F79EFBC}") = "PerceptronV2", "PerceptronV2\PerceptronV2.csproj", "{E5CE3031-283D-4989-ACC8-456B601F7ABE}"
EndProject
Project("{FAE04EC0-301F-11D3-BF4B-00C04F79EFBC}") = "PerceptronV3", "PerceptronV3\PerceptronV3.csproj", "{68EE21DF-CFB5-433F-B43F-EF42E3D1E89C}"
EndProject
Project("{FAE04EC0-301F-11D3-BF4B-00C04F79EFBC}") = "MultithreadingPerceptron", "Energy\MultithreadingPerceptron.csproj", "{F282D030-2CD8-48AA-86D2-3A4824908E32}"
EndProject
Project("{FAE04EC0-301F-11D3-BF4B-00C04F79EFBC}") = "Vibration", "Vibration\Vibration.csproj", "{17E3369B-C909-4C6F-81F7-BC2574D0AB7A}"
EndProject
Global
	GlobalSection(SolutionConfigurationPlatforms) = preSolution
		Debug|Any CPU = Debug|Any CPU
		Release|Any CPU = Release|Any CPU
	EndGlobalSection
	GlobalSection(ProjectConfigurationPlatforms) = postSolution
		{DC5BCD08-56CC-47CC-97BD-A42E728A1041}.Debug|Any CPU.ActiveCfg = Debug|Any CPU
		{DC5BCD08-56CC-47CC-97BD-A42E728A1041}.Debug|Any CPU.Build.0 = Debug|Any CPU
		{DC5BCD08-56CC-47CC-97BD-A42E728A1041}.Release|Any CPU.ActiveCfg = Release|Any CPU
		{DC5BCD08-56CC-47CC-97BD-A42E728A1041}.Release|Any CPU.Build.0 = Release|Any CPU
		{E5CE3031-283D-4989-ACC8-456B601F7ABE}.Debug|Any CPU.ActiveCfg = Debug|Any CPU
		{E5CE3031-283D-4989-ACC8-456B601F7ABE}.Debug|Any CPU.Build.0 = Debug|Any CPU
		{E5CE3031-283D-4989-ACC8-456B601F7ABE}.Release|Any CPU.ActiveCfg = Release|Any CPU
		{E5CE3031-283D-4989-ACC8-456B601F7ABE}.Release|Any CPU.Build.0 = Release|Any CPU
		{68EE21DF-CFB5-433F-B43F-EF42E3D1E89C}.Debug|Any CPU.ActiveCfg = Debug|Any CPU
		{68EE21DF-CFB5-433F-B43F-EF42E3D1E89C}.Debug|Any CPU.Build.0 = Debug|Any CPU
		{68EE21DF-CFB5-433F-B43F-EF42E3D1E89C}.Release|Any CPU.ActiveCfg = Release|Any CPU
		{68EE21DF-CFB5-433F-B43F-EF42E3D1E89C}.Release|Any CPU.Build.0 = Release|Any CPU
		{F282D030-2CD8-48AA-86D2-3A4824908E32}.Debug|Any CPU.ActiveCfg = Debug|Any CPU
		{F282D030-2CD8-48AA-86D2-3A4824908E32}.Debug|Any CPU.Build.0 = Debug|Any CPU
		{F282D030-2CD8-48AA-86D2-3A4824908E32}.Release|Any CPU.ActiveCfg = Release|Any CPU
		{F282D030-2CD8-48AA-86D2-3A4824908E32}.Release|Any CPU.Build.0 = Release|Any CPU
		{17E3369B-C909-4C6F-81F7-BC2574D0AB7A}.Debug|Any CPU.ActiveCfg = Debug|Any CPU
		{17E3369B-C909-4C6F-81F7-BC2574D0AB7A}.Debug|Any CPU.Build.0 = Debug|Any CPU
		{17E3369B-C909-4C6F-81F7-BC2574D0AB7A}.Release|Any CPU.ActiveCfg = Release|Any CPU
		{17E3369B-C909-4C6F-81F7-BC2574D0AB7A}.Release|Any CPU.Build.0 = Release|Any CPU
	EndGlobalSection
	GlobalSection(SolutionProperties) = preSolution
		HideSolutionNode = FALSE
	EndGlobalSection
EndGlobal
